lockfileVersion: 5.4

specifiers:
  '@octokit/rest': ^19.0.4
  '@swc/core': ^1.3.3
  '@swc/helpers': ^0.4.11
  '@types/node': ^18.7.23
  '@types/node-fetch': ^2.6.2
  dotenv: ^16.0.3
  node-fetch: '2'
  tiny-invariant: ^1.3.1
  ts-node: ^10.9.1
  typescript: ^4.8.4

dependencies:
  '@octokit/rest': 19.0.4
  '@swc/core': 1.3.3
  '@swc/helpers': 0.4.11
  '@types/node': 18.7.23
  '@types/node-fetch': 2.6.2
  dotenv: 16.0.3
  node-fetch: 2.6.7
  tiny-invariant: 1.3.1
  ts-node: 10.9.1_g6ss4ygbrpkylebblsu6n4zahq
  typescript: 4.8.4

packages:

  /@cspotcode/source-map-support/0.8.1:
    resolution: {integrity: sha512-IchNf6dN4tHoMFIn/7OE8LWZ19Y6q/67Bmf6vnGREv8RSbBVb9LPJxEcnwrcwX6ixSvaiGoomAUvu4YSxXrVgw==}
    engines: {node: '>=12'}
    dependencies:
      '@jridgewell/trace-mapping': 0.3.9
    dev: false

  /@jridgewell/resolve-uri/3.1.0:
    resolution: {integrity: sha512-F2msla3tad+Mfht5cJq7LSXcdudKTWCVYUgw6pLFOOHSTtZlj6SWNYAp+AhuqLmWdBO2X5hPrLcu8cVP8fy28w==}
    engines: {node: '>=6.0.0'}
    dev: false

  /@jridgewell/sourcemap-codec/1.4.14:
    resolution: {integrity: sha512-XPSJHWmi394fuUuzDnGz1wiKqWfo1yXecHQMRf2l6hztTO+nPru658AyDngaBe7isIxEkRsPR3FZh+s7iVa4Uw==}
    dev: false

  /@jridgewell/trace-mapping/0.3.9:
    resolution: {integrity: sha512-3Belt6tdc8bPgAtbcmdtNJlirVoTmEb5e2gC94PnkwEW9jI6CAHUeoG85tjWP5WquqfavoMtMwiG4P926ZKKuQ==}
    dependencies:
      '@jridgewell/resolve-uri': 3.1.0
      '@jridgewell/sourcemap-codec': 1.4.14
    dev: false

  /@octokit/auth-token/3.0.1:
    resolution: {integrity: sha512-/USkK4cioY209wXRpund6HZzHo9GmjakpV9ycOkpMcMxMk7QVcVFVyCMtzvXYiHsB2crgDgrtNYSELYFBXhhaA==}
    engines: {node: '>= 14'}
    dependencies:
      '@octokit/types': 7.5.1
    dev: false

  /@octokit/core/4.0.5:
    resolution: {integrity: sha512-4R3HeHTYVHCfzSAi0C6pbGXV8UDI5Rk+k3G7kLVNckswN9mvpOzW9oENfjfH3nEmzg8y3AmKmzs8Sg6pLCeOCA==}
    engines: {node: '>= 14'}
    dependencies:
      '@octokit/auth-token': 3.0.1
      '@octokit/graphql': 5.0.1
      '@octokit/request': 6.2.1
      '@octokit/request-error': 3.0.1
      '@octokit/types': 7.5.1
      before-after-hook: 2.2.2
      universal-user-agent: 6.0.0
    transitivePeerDependencies:
      - encoding
    dev: false

  /@octokit/endpoint/7.0.2:
    resolution: {integrity: sha512-8/AUACfE9vpRpehE6ZLfEtzkibe5nfsSwFZVMsG8qabqRt1M81qZYUFRZa1B8w8lP6cdfDJfRq9HWS+MbmR7tw==}
    engines: {node: '>= 14'}
    dependencies:
      '@octokit/types': 7.5.1
      is-plain-object: 5.0.0
      universal-user-agent: 6.0.0
    dev: false

  /@octokit/graphql/5.0.1:
    resolution: {integrity: sha512-sxmnewSwAixkP1TrLdE6yRG53eEhHhDTYUykUwdV9x8f91WcbhunIHk9x1PZLALdBZKRPUO2HRcm4kezZ79HoA==}
    engines: {node: '>= 14'}
    dependencies:
      '@octokit/request': 6.2.1
      '@octokit/types': 7.5.1
      universal-user-agent: 6.0.0
    transitivePeerDependencies:
      - encoding
    dev: false

  /@octokit/openapi-types/13.13.1:
    resolution: {integrity: sha512-4EuKSk3N95UBWFau3Bz9b3pheQ8jQYbKmBL5+GSuY8YDPDwu03J4BjI+66yNi8aaX/3h1qDpb0mbBkLdr+cfGQ==}
    dev: false

  /@octokit/plugin-paginate-rest/4.3.1_@octokit+core@4.0.5:
    resolution: {integrity: sha512-h8KKxESmSFTcXX409CAxlaOYscEDvN2KGQRsLCGT1NSqRW+D6EXLVQ8vuHhFznS9MuH9QYw1GfsUN30bg8hjVA==}
    engines: {node: '>= 14'}
    peerDependencies:
      '@octokit/core': '>=4'
    dependencies:
      '@octokit/core': 4.0.5
      '@octokit/types': 7.5.1
    dev: false

  /@octokit/plugin-request-log/1.0.4_@octokit+core@4.0.5:
    resolution: {integrity: sha512-mLUsMkgP7K/cnFEw07kWqXGF5LKrOkD+lhCrKvPHXWDywAwuDUeDwWBpc69XK3pNX0uKiVt8g5z96PJ6z9xCFA==}
    peerDependencies:
      '@octokit/core': '>=3'
    dependencies:
      '@octokit/core': 4.0.5
    dev: false

  /@octokit/plugin-rest-endpoint-methods/6.6.2_@octokit+core@4.0.5:
    resolution: {integrity: sha512-n9dL5KMpz9qVFSNdcVWC8ZPbl68QbTk7+CMPXCXqaMZOLn1n1YuoSFFCy84Ge0fx333fUqpnBHv8BFjwGtUQkA==}
    engines: {node: '>= 14'}
    peerDependencies:
      '@octokit/core': '>=3'
    dependencies:
      '@octokit/core': 4.0.5
      '@octokit/types': 7.5.1
      deprecation: 2.3.1
    dev: false

  /@octokit/request-error/3.0.1:
    resolution: {integrity: sha512-ym4Bp0HTP7F3VFssV88WD1ZyCIRoE8H35pXSKwLeMizcdZAYc/t6N9X9Yr9n6t3aG9IH75XDnZ6UeZph0vHMWQ==}
    engines: {node: '>= 14'}
    dependencies:
      '@octokit/types': 7.5.1
      deprecation: 2.3.1
      once: 1.4.0
    dev: false

  /@octokit/request/6.2.1:
    resolution: {integrity: sha512-gYKRCia3cpajRzDSU+3pt1q2OcuC6PK8PmFIyxZDWCzRXRSIBH8jXjFJ8ZceoygBIm0KsEUg4x1+XcYBz7dHPQ==}
    engines: {node: '>= 14'}
    dependencies:
      '@octokit/endpoint': 7.0.2
      '@octokit/request-error': 3.0.1
      '@octokit/types': 7.5.1
      is-plain-object: 5.0.0
      node-fetch: 2.6.7
      universal-user-agent: 6.0.0
    transitivePeerDependencies:
      - encoding
    dev: false

  /@octokit/rest/19.0.4:
    resolution: {integrity: sha512-LwG668+6lE8zlSYOfwPj4FxWdv/qFXYBpv79TWIQEpBLKA9D/IMcWsF/U9RGpA3YqMVDiTxpgVpEW3zTFfPFTA==}
    engines: {node: '>= 14'}
    dependencies:
      '@octokit/core': 4.0.5
      '@octokit/plugin-paginate-rest': 4.3.1_@octokit+core@4.0.5
      '@octokit/plugin-request-log': 1.0.4_@octokit+core@4.0.5
      '@octokit/plugin-rest-endpoint-methods': 6.6.2_@octokit+core@4.0.5
    transitivePeerDependencies:
      - encoding
    dev: false

  /@octokit/types/7.5.1:
    resolution: {integrity: sha512-Zk4OUMLCSpXNI8KZZn47lVLJSsgMyCimsWWQI5hyjZg7hdYm0kjotaIkbG0Pp8SfU2CofMBzonboTqvzn3FrJA==}
    dependencies:
      '@octokit/openapi-types': 13.13.1
    dev: false

  /@swc/core-android-arm-eabi/1.3.3:
    resolution: {integrity: sha512-R6MpKXvNx/T/8a0wUTiX1THxfRbURSCmYlSi/JnUaqLYUclQK1N8aCMWz7EYSz6FE0VZBREJYDJcdnfP88E/1Q==}
    engines: {node: '>=10'}
    cpu: [arm]
    os: [android]
    requiresBuild: true
    dependencies:
      '@swc/wasm': 1.2.122
    dev: false
    optional: true

  /@swc/core-android-arm64/1.3.3:
    resolution: {integrity: sha512-yZlku4ypVKykwHTS8CETxw2PH23UBeM6VhNB8efF4A4gVWtRZjv1PfjsSqh/X0vjgVTrs2zSaQ+eF6GLVbWrgA==}
    engines: {node: '>=10'}
    cpu: [arm64]
    os: [android]
    requiresBuild: true
    dependencies:
      '@swc/wasm': 1.2.130
    dev: false
    optional: true

  /@swc/core-darwin-arm64/1.3.3:
    resolution: {integrity: sha512-/T8vyikY7t/be6bHd1D9J/bmXYMDMkBo9NA3auDT/hmouzawhJ6E7OqRE4HLuLTflnRw8WmEWgpeRIzMHvNjBQ==}
    engines: {node: '>=10'}
    cpu: [arm64]
    os: [darwin]
    requiresBuild: true
    dev: false
    optional: true

  /@swc/core-darwin-x64/1.3.3:
    resolution: {integrity: sha512-hw4o1If986In5m3y3/OimgiBKJh49kbTG9MRWo8msqTic2aBlrtfHjSecMn1g+oP7pdaUUCTkovmT7OpvvQ/Tw==}
    engines: {node: '>=10'}
    cpu: [x64]
    os: [darwin]
    requiresBuild: true
    dev: false
    optional: true

  /@swc/core-freebsd-x64/1.3.3:
    resolution: {integrity: sha512-JFDu3uLa0WMw77o+QNR5D1uErQ5s18HmEwJr5ndOQoDlS+XO2qUG6AxU5LdwLEl5qMf2C99t7gkfzcCZG1PRsw==}
    engines: {node: '>=10'}
    cpu: [x64]
    os: [freebsd]
    requiresBuild: true
    dependencies:
      '@swc/wasm': 1.2.130
    dev: false
    optional: true

  /@swc/core-linux-arm-gnueabihf/1.3.3:
    resolution: {integrity: sha512-kJoyNP/ury9KmZnjhpj0QApY6VxC9S4hkgsycm8yTJ23O8WrUbgeDOlgAgFJNyHszhR5CnlssDv7ErCwMZtkgw==}
    engines: {node: '>=10'}
    cpu: [arm]
    os: [linux]
    requiresBuild: true
    dependencies:
      '@swc/wasm': 1.2.130
    dev: false
    optional: true

  /@swc/core-linux-arm64-gnu/1.3.3:
    resolution: {integrity: sha512-Y+10o78O2snKnrNTbasT9S3Out0wlOyAkLZvq5zqzW1cz2K2Yzm04zQdKQOCRHlfTF0XSmZ++qRWVNol49WsNA==}
    engines: {node: '>=10'}
    cpu: [arm64]
    os: [linux]
    requiresBuild: true
    dev: false
    optional: true

  /@swc/core-linux-arm64-musl/1.3.3:
    resolution: {integrity: sha512-y6ErPP6Sk0f8exoanUxXeFALvPraTjyoVr8pitpfTqoUd9YcxwOTpPbR5WXI3FWnQ7GS86iH0LvaFDCgHQ1fjg==}
    engines: {node: '>=10'}
    cpu: [arm64]
    os: [linux]
    requiresBuild: true
    dev: false
    optional: true

  /@swc/core-linux-x64-gnu/1.3.3:
    resolution: {integrity: sha512-sqyvNJkPHKHlK/XLIoMNLiux8YxsCJpAk3UreS0NO+sRNRru2AMyrRwX6wxmnJybhEek9SPKF0pXi+GfcaFKYA==}
    engines: {node: '>=10'}
    cpu: [x64]
    os: [linux]
    requiresBuild: true
    dev: false
    optional: true

  /@swc/core-linux-x64-musl/1.3.3:
    resolution: {integrity: sha512-5fjwHdMv+DOgEp7sdNVmvS4Hr2rDaewa0BpDW8RefcjHoJnDpFVButLDMkwv/Yd+v4YN+99kyX/lOI+/OTD99w==}
    engines: {node: '>=10'}
    cpu: [x64]
    os: [linux]
    requiresBuild: true
    dev: false
    optional: true

  /@swc/core-win32-arm64-msvc/1.3.3:
    resolution: {integrity: sha512-JxcfG89GieqCFXkRl/mtFds/ME6ncEtLRIQ0+RBIREIGisA9ZgJ8EryBzGZyPu5+7kE0vXGVB6A2cfrv4SNW4A==}
    engines: {node: '>=10'}
    cpu: [arm64]
    os: [win32]
    requiresBuild: true
    dependencies:
      '@swc/wasm': 1.2.130
    dev: false
    optional: true

  /@swc/core-win32-ia32-msvc/1.3.3:
    resolution: {integrity: sha512-yqZjTn5V7wYCxMCC5Rg8u87SmGeRSlqYAafHL3IgiFe8hSxOykc2dR1MYNc4WZumYiMlU15VSa6mW8A0pj37FA==}
    engines: {node: '>=10'}
    cpu: [ia32]
    os: [win32]
    requiresBuild: true
    dependencies:
      '@swc/wasm': 1.2.130
    dev: false
    optional: true

  /@swc/core-win32-x64-msvc/1.3.3:
    resolution: {integrity: sha512-CIuxz9wiHkgG7m3kjgptgO3iHOmrybvLf0rUNGbVTTHwTcrpjznAnS/MnMPiaIQPlxz70KSXAR2QJjw7fGtfbA==}
    engines: {node: '>=10'}
    cpu: [x64]
    os: [win32]
    requiresBuild: true
    dev: false
    optional: true

  /@swc/core/1.3.3:
    resolution: {integrity: sha512-OGx3Qpw+czNSaea1ojP2X2wxrGtYicQxH1QnzX4F3rXGEcSUFIllmrae6iJHW91zS4SNcOocnQoRz1IYnrILYw==}
    engines: {node: '>=10'}
    hasBin: true
    requiresBuild: true
    optionalDependencies:
      '@swc/core-android-arm-eabi': 1.3.3
      '@swc/core-android-arm64': 1.3.3
      '@swc/core-darwin-arm64': 1.3.3
      '@swc/core-darwin-x64': 1.3.3
      '@swc/core-freebsd-x64': 1.3.3
      '@swc/core-linux-arm-gnueabihf': 1.3.3
      '@swc/core-linux-arm64-gnu': 1.3.3
      '@swc/core-linux-arm64-musl': 1.3.3
      '@swc/core-linux-x64-gnu': 1.3.3
      '@swc/core-linux-x64-musl': 1.3.3
      '@swc/core-win32-arm64-msvc': 1.3.3
      '@swc/core-win32-ia32-msvc': 1.3.3
      '@swc/core-win32-x64-msvc': 1.3.3
    dev: false

  /@swc/helpers/0.4.11:
    resolution: {integrity: sha512-rEUrBSGIoSFuYxwBYtlUFMlE2CwGhmW+w9355/5oduSw8e5h2+Tj4UrAGNNgP9915++wj5vkQo0UuOBqOAq4nw==}
    dependencies:
      tslib: 2.4.0
    dev: false

  /@swc/wasm/1.2.122:
    resolution: {integrity: sha512-sM1VCWQxmNhFtdxME+8UXNyPNhxNu7zdb6ikWpz0YKAQQFRGT5ThZgJrubEpah335SUToNg8pkdDF7ibVCjxbQ==}
    requiresBuild: true
    dev: false
    optional: true

  /@swc/wasm/1.2.130:
    resolution: {integrity: sha512-rNcJsBxS70+pv8YUWwf5fRlWX6JoY/HJc25HD/F8m6Kv7XhJdqPPMhyX6TKkUBPAG7TWlZYoxa+rHAjPy4Cj3Q==}
    requiresBuild: true
    dev: false
    optional: true

  /@tsconfig/node10/1.0.9:
    resolution: {integrity: sha512-jNsYVVxU8v5g43Erja32laIDHXeoNvFEpX33OK4d6hljo3jDhCBDhx5dhCCTMWUojscpAagGiRkBKxpdl9fxqA==}
    dev: false

  /@tsconfig/node12/1.0.11:
    resolution: {integrity: sha512-cqefuRsh12pWyGsIoBKJA9luFu3mRxCA+ORZvA4ktLSzIuCUtWVxGIuXigEwO5/ywWFMZ2QEGKWvkZG1zDMTag==}
    dev: false

  /@tsconfig/node14/1.0.3:
    resolution: {integrity: sha512-ysT8mhdixWK6Hw3i1V2AeRqZ5WfXg1G43mqoYlM2nc6388Fq5jcXyr5mRsqViLx/GJYdoL0bfXD8nmF+Zn/Iow==}
    dev: false

  /@tsconfig/node16/1.0.3:
    resolution: {integrity: sha512-yOlFc+7UtL/89t2ZhjPvvB/DeAr3r+Dq58IgzsFkOAvVC6NMJXmCGjbptdXdR9qsX7pKcTL+s87FtYREi2dEEQ==}
    dev: false

  /@types/node-fetch/2.6.2:
    resolution: {integrity: sha512-DHqhlq5jeESLy19TYhLakJ07kNumXWjcDdxXsLUMJZ6ue8VZJj4kLPQVE/2mdHh3xZziNF1xppu5lwmS53HR+A==}
    dependencies:
      '@types/node': 18.7.23
      form-data: 3.0.1
    dev: false

  /@types/node/18.7.23:
    resolution: {integrity: sha512-DWNcCHolDq0ZKGizjx2DZjR/PqsYwAcYUJmfMWqtVU2MBMG5Mo+xFZrhGId5r/O5HOuMPyQEcM6KUBp5lBZZBg==}
    dev: false

  /acorn-walk/8.2.0:
    resolution: {integrity: sha512-k+iyHEuPgSw6SbuDpGQM+06HQUa04DZ3o+F6CSzXMvvI5KMvnaEqXe+YVe555R9nn6GPt404fos4wcgpw12SDA==}
    engines: {node: '>=0.4.0'}
    dev: false

  /acorn/8.8.0:
    resolution: {integrity: sha512-QOxyigPVrpZ2GXT+PFyZTl6TtOFc5egxHIP9IlQ+RbupQuX4RkT/Bee4/kQuC02Xkzg84JcT7oLYtDIQxp+v7w==}
    engines: {node: '>=0.4.0'}
    hasBin: true
    dev: false

  /arg/4.1.3:
    resolution: {integrity: sha512-58S9QDqG0Xx27YwPSt9fJxivjYl432YCwfDMfZ+71RAqUrZef7LrKQZ3LHLOwCS4FLNBplP533Zx895SeOCHvA==}
    dev: false

  /asynckit/0.4.0:
    resolution: {integrity: sha512-Oei9OH4tRh0YqU3GxhX79dM/mwVgvbZJaSNaRk+bshkj0S5cfHcgYakreBjrHwatXKbz+IoIdYLxrKim2MjW0Q==}
    dev: false

  /before-after-hook/2.2.2:
    resolution: {integrity: sha512-3pZEU3NT5BFUo/AD5ERPWOgQOCZITni6iavr5AUw5AUwQjMlI0kzu5btnyD39AF0gUEsDPwJT+oY1ORBJijPjQ==}
    dev: false

  /combined-stream/1.0.8:
    resolution: {integrity: sha512-FQN4MRfuJeHf7cBbBMJFXhKSDq+2kAArBlmRBvcvFE5BB1HZKXtSFASDhdlz9zOYwxh8lDdnvmMOe/+5cdoEdg==}
    engines: {node: '>= 0.8'}
    dependencies:
      delayed-stream: 1.0.0
    dev: false

  /create-require/1.1.1:
    resolution: {integrity: sha512-dcKFX3jn0MpIaXjisoRvexIJVEKzaq7z2rZKxf+MSr9TkdmHmsU4m2lcLojrj/FHl8mk5VxMmYA+ftRkP/3oKQ==}
    dev: false

  /delayed-stream/1.0.0:
    resolution: {integrity: sha512-ZySD7Nf91aLB0RxL4KGrKHBXl7Eds1DAmEdcoVawXnLD7SDhpNgtuII2aAkg7a7QS41jxPSZ17p4VdGnMHk3MQ==}
    engines: {node: '>=0.4.0'}
    dev: false

  /deprecation/2.3.1:
    resolution: {integrity: sha512-xmHIy4F3scKVwMsQ4WnVaS8bHOx0DmVwRywosKhaILI0ywMDWPtBSku2HNxRvF7jtwDRsoEwYQSfbxj8b7RlJQ==}
    dev: false

  /diff/4.0.2:
    resolution: {integrity: sha512-58lmxKSA4BNyLz+HHMUzlOEpg09FV+ev6ZMe3vJihgdxzgcwZ8VoEEPmALCZG9LmqfVoNMMKpttIYTVG6uDY7A==}
    engines: {node: '>=0.3.1'}
    dev: false

  /dotenv/16.0.3:
    resolution: {integrity: sha512-7GO6HghkA5fYG9TYnNxi14/7K9f5occMlp3zXAuSxn7CKCxt9xbNWG7yF8hTCSUchlfWSe3uLmlPfigevRItzQ==}
    engines: {node: '>=12'}
    dev: false

  /form-data/3.0.1:
    resolution: {integrity: sha512-RHkBKtLWUVwd7SqRIvCZMEvAMoGUp0XU+seQiZejj0COz3RI3hWP4sCv3gZWWLjJTd7rGwcsF5eKZGii0r/hbg==}
    engines: {node: '>= 6'}
    dependencies:
      asynckit: 0.4.0
      combined-stream: 1.0.8
      mime-types: 2.1.35
    dev: false

  /is-plain-object/5.0.0:
    resolution: {integrity: sha512-VRSzKkbMm5jMDoKLbltAkFQ5Qr7VDiTFGXxYFXXowVj387GeGNOCsOH6Msy00SGZ3Fp84b1Naa1psqgcCIEP5Q==}
    engines: {node: '>=0.10.0'}
    dev: false

  /make-error/1.3.6:
    resolution: {integrity: sha512-s8UhlNe7vPKomQhC1qFelMokr/Sc3AgNbso3n74mVPA5LTZwkB9NlXf4XPamLxJE8h0gh73rM94xvwRT2CVInw==}
    dev: false

  /mime-db/1.52.0:
    resolution: {integrity: sha512-sPU4uV7dYlvtWJxwwxHD0PuihVNiE7TyAbQ5SWxDCB9mUYvOgroQOwYQQOKPJ8CIbE+1ETVlOoK1UC2nU3gYvg==}
    engines: {node: '>= 0.6'}
    dev: false

  /mime-types/2.1.35:
    resolution: {integrity: sha512-ZDY+bPm5zTTF+YpCrAU9nK0UgICYPT0QtT1NZWFv4s++TNkcgVaT0g6+4R2uI4MjQjzysHB1zxuWL50hzaeXiw==}
    engines: {node: '>= 0.6'}
    dependencies:
      mime-db: 1.52.0
    dev: false

  /node-fetch/2.6.7:
    resolution: {integrity: sha512-ZjMPFEfVx5j+y2yF35Kzx5sF7kDzxuDj6ziH4FFbOp87zKDZNx8yExJIb05OGF4Nlt9IHFIMBkRl41VdvcNdbQ==}
    engines: {node: 4.x || >=6.0.0}
    peerDependencies:
      encoding: ^0.1.0
    peerDependenciesMeta:
      encoding:
        optional: true
    dependencies:
      whatwg-url: 5.0.0
    dev: false

  /once/1.4.0:
    resolution: {integrity: sha512-lNaJgI+2Q5URQBkccEKHTQOPaXdUxnZZElQTZY0MFUAuaEqe1E+Nyvgdz/aIyNi6Z9MzO5dv1H8n58/GELp3+w==}
    dependencies:
      wrappy: 1.0.2
    dev: false

  /tiny-invariant/1.3.1:
    resolution: {integrity: sha512-AD5ih2NlSssTCwsMznbvwMZpJ1cbhkGd2uueNxzv2jDlEeZdU04JQfRnggJQ8DrcVBGjAsCKwFBbDlVNtEMlzw==}
    dev: false

  /tr46/0.0.3:
    resolution: {integrity: sha512-N3WMsuqV66lT30CrXNbEjx4GEwlow3v6rr4mCcv6prnfwhS01rkgyFdjPNBYd9br7LpXV1+Emh01fHnq2Gdgrw==}
    dev: false

  /ts-node/10.9.1_g6ss4ygbrpkylebblsu6n4zahq:
    resolution: {integrity: sha512-NtVysVPkxxrwFGUUxGYhfux8k78pQB3JqYBXlLRZgdGUqTO5wU/UyHop5p70iEbGhB7q5KmiZiU0Y3KlJrScEw==}
    hasBin: true
    peerDependencies:
      '@swc/core': '>=1.2.50'
      '@swc/wasm': '>=1.2.50'
      '@types/node': '*'
      typescript: '>=2.7'
    peerDependenciesMeta:
      '@swc/core':
        optional: true
      '@swc/wasm':
        optional: true
    dependencies:
      '@cspotcode/source-map-support': 0.8.1
      '@swc/core': 1.3.3
      '@tsconfig/node10': 1.0.9
      '@tsconfig/node12': 1.0.11
      '@tsconfig/node14': 1.0.3
      '@tsconfig/node16': 1.0.3
      '@types/node': 18.7.23
      acorn: 8.8.0
      acorn-walk: 8.2.0
      arg: 4.1.3
      create-require: 1.1.1
      diff: 4.0.2
      make-error: 1.3.6
      typescript: 4.8.4
      v8-compile-cache-lib: 3.0.1
      yn: 3.1.1
    dev: false

  /tslib/2.4.0:
    resolution: {integrity: sha512-d6xOpEDfsi2CZVlPQzGeux8XMwLT9hssAsaPYExaQMuYskwb+x1x7J371tWlbBdWHroy99KnVB6qIkUbs5X3UQ==}
    dev: false

  /typescript/4.8.4:
    resolution: {integrity: sha512-QCh+85mCy+h0IGff8r5XWzOVSbBO+KfeYrMQh7NJ58QujwcE22u+NUSmUxqF+un70P9GXKxa2HCNiTTMJknyjQ==}
    engines: {node: '>=4.2.0'}
    hasBin: true
    dev: false

  /universal-user-agent/6.0.0:
    resolution: {integrity: sha512-isyNax3wXoKaulPDZWHQqbmIx1k2tb9fb3GGDBRxCscfYV2Ch7WxPArBsFEG8s/safwXTT7H4QGhaIkTp9447w==}
    dev: false

  /v8-compile-cache-lib/3.0.1:
    resolution: {integrity: sha512-wa7YjyUGfNZngI/vtK0UHAN+lgDCxBPCylVXGp0zu59Fz5aiGtNXaq3DhIov063MorB+VfufLh3JlF2KdTK3xg==}
    dev: false

  /webidl-conversions/3.0.1:
    resolution: {integrity: sha512-2JAn3z8AR6rjK8Sm8orRC0h/bcl/DqL7tRPdGZ4I1CjdF+EaMLmYxBHyXuKL849eucPFhvBoxMsflfOb8kxaeQ==}
    dev: false

  /whatwg-url/5.0.0:
    resolution: {integrity: sha512-saE57nupxk6v3HY35+jzBwYa0rKSy0XR8JSxZPwgLr7ys0IBzhGviA1/TUGJLmSVqs8pb9AnvICXEuOHLprYTw==}
    dependencies:
      tr46: 0.0.3
      webidl-conversions: 3.0.1
    dev: false

  /wrappy/1.0.2:
    resolution: {integrity: sha512-l4Sp/DRseor9wL6EvV2+TuQn63dMkPjZ/sp9XkghTEbV9KlPS1xUsZ3u7/IQO4wxtcFB4bgpQPRcR3QCvezPcQ==}
    dev: false

  /yn/3.1.1:
    resolution: {integrity: sha512-Ux4ygGWsu2c7isFWe8Yu1YluJmqVhxqK2cLXNQA5AcC3QfbGNpM7fu0Y8b/z16pXLnFxZYvWhd3fhBY9DLmC6Q==}
    engines: {node: '>=6'}
    dev: false
